{
  "pins" : [
    {
      "identity" : "membersof-vapor",
      "kind" : "remoteSourceControl",
      "location" : "git@github.com:partofinc/membersof-vapor.git",
      "state" : {
        "branch" : "main",
        "revision" : "a1f19a63401a61b29274c6b9f3058946987adddf"
      }
    },
    {
      "identity" : "swiftdate",
      "kind" : "remoteSourceControl",
      "location" : "https://github.com/malcommac/SwiftDate.git",
      "state" : {
        "revision" : "5d943224c3bb173e6ecf27295611615eba90c80e",
        "version" : "7.0.0"
      }
    }
  ],
  "version" : 2
}
