{
  "pins" : [
    {
      "identity" : "membersof-vapor",
      "kind" : "remoteSourceControl",
      "location" : "git@github.com:partofinc/membersof-vapor.git",
      "state" : {
        "revision" : "5ee1f9bcbc8b312222ec870bff513f079ed65548",
        "version" : "0.1.1"
      }
    },
    {
      "identity" : "swiftdate",
      "kind" : "remoteSourceControl",
      "location" : "https://github.com/malcommac/SwiftDate.git",
      "state" : {
        "revision" : "5d943224c3bb173e6ecf27295611615eba90c80e",
        "version" : "7.0.0"
      }
    }
  ],
  "version" : 2
}
